// !$*UTF8*$!
{
	archiveVersion = 1;
	classes = {
	};
	objectVersion = 50;
	objects = {

/* Begin PBXBuildFile section */
		555CD5CDB907D45C20FF26EB /* Pods_semesterProjectGroup23.framework in Frameworks */ = {isa = PBXBuildFile; fileRef = FA95F64BA5DEA7AC319EE97A /* Pods_semesterProjectGroup23.framework */; };
		745E52D6226BE515005C0E09 /* AppDelegate.swift in Sources */ = {isa = PBXBuildFile; fileRef = 745E52D5226BE515005C0E09 /* AppDelegate.swift */; };
		745E52D8226BE515005C0E09 /* ViewController.swift in Sources */ = {isa = PBXBuildFile; fileRef = 745E52D7226BE515005C0E09 /* ViewController.swift */; };
		745E52DB226BE515005C0E09 /* Main.storyboard in Resources */ = {isa = PBXBuildFile; fileRef = 745E52D9226BE515005C0E09 /* Main.storyboard */; };
		745E52DD226BE51A005C0E09 /* Assets.xcassets in Resources */ = {isa = PBXBuildFile; fileRef = 745E52DC226BE51A005C0E09 /* Assets.xcassets */; };
		745E52E0226BE51A005C0E09 /* LaunchScreen.storyboard in Resources */ = {isa = PBXBuildFile; fileRef = 745E52DE226BE51A005C0E09 /* LaunchScreen.storyboard */; };
		74B90B8A2270C8F60058742B /* SearchController.swift in Sources */ = {isa = PBXBuildFile; fileRef = 74B90B892270C8F60058742B /* SearchController.swift */; };
		74B90B8C2270C93B0058742B /* StockController.swift in Sources */ = {isa = PBXBuildFile; fileRef = 74B90B8B2270C93B0058742B /* StockController.swift */; };
		74B90B8E2270CC890058742B /* GraphView.swift in Sources */ = {isa = PBXBuildFile; fileRef = 74B90B8D2270CC890058742B /* GraphView.swift */; };
		C6FA9D29228393D10096BB40 /* DataCell.swift in Sources */ = {isa = PBXBuildFile; fileRef = C6FA9D28228393D10096BB40 /* DataCell.swift */; };
		DEEC5104227BF90C00DB8288 /* CoinbaseClient.swift in Sources */ = {isa = PBXBuildFile; fileRef = DEEC5103227BF90C00DB8288 /* CoinbaseClient.swift */; };
		DEEC5106227C0A2600DB8288 /* apikey.txt in Resources */ = {isa = PBXBuildFile; fileRef = DEEC5105227C0A2600DB8288 /* apikey.txt */; };
/* End PBXBuildFile section */

/* Begin PBXFileReference section */
		2475332B3EC96E286825DACD /* Pods-semesterProjectGroup23.release.xcconfig */ = {isa = PBXFileReference; includeInIndex = 1; lastKnownFileType = text.xcconfig; name = "Pods-semesterProjectGroup23.release.xcconfig"; path = "Target Support Files/Pods-semesterProjectGroup23/Pods-semesterProjectGroup23.release.xcconfig"; sourceTree = "<group>"; };
		745E52D2226BE515005C0E09 /* semesterProjectGroup23.app */ = {isa = PBXFileReference; explicitFileType = wrapper.application; includeInIndex = 0; path = semesterProjectGroup23.app; sourceTree = BUILT_PRODUCTS_DIR; };
		745E52D5226BE515005C0E09 /* AppDelegate.swift */ = {isa = PBXFileReference; lastKnownFileType = sourcecode.swift; path = AppDelegate.swift; sourceTree = "<group>"; };
		745E52D7226BE515005C0E09 /* ViewController.swift */ = {isa = PBXFileReference; lastKnownFileType = sourcecode.swift; path = ViewController.swift; sourceTree = "<group>"; };
		745E52DA226BE515005C0E09 /* Base */ = {isa = PBXFileReference; lastKnownFileType = file.storyboard; name = Base; path = Base.lproj/Main.storyboard; sourceTree = "<group>"; };
		745E52DC226BE51A005C0E09 /* Assets.xcassets */ = {isa = PBXFileReference; lastKnownFileType = folder.assetcatalog; path = Assets.xcassets; sourceTree = "<group>"; };
		745E52DF226BE51A005C0E09 /* Base */ = {isa = PBXFileReference; lastKnownFileType = file.storyboard; name = Base; path = Base.lproj/LaunchScreen.storyboard; sourceTree = "<group>"; };
		745E52E1226BE51A005C0E09 /* Info.plist */ = {isa = PBXFileReference; lastKnownFileType = text.plist.xml; path = Info.plist; sourceTree = "<group>"; };
		74B90B892270C8F60058742B /* SearchController.swift */ = {isa = PBXFileReference; lastKnownFileType = sourcecode.swift; path = SearchController.swift; sourceTree = "<group>"; };
		74B90B8B2270C93B0058742B /* StockController.swift */ = {isa = PBXFileReference; lastKnownFileType = sourcecode.swift; path = StockController.swift; sourceTree = "<group>"; };
		74B90B8D2270CC890058742B /* GraphView.swift */ = {isa = PBXFileReference; lastKnownFileType = sourcecode.swift; path = GraphView.swift; sourceTree = "<group>"; };
		C66F44D1228894F300235E96 /* en */ = {isa = PBXFileReference; lastKnownFileType = text.plist.strings; name = en; path = en.lproj/Main.strings; sourceTree = "<group>"; };
		C6FA9D28228393D10096BB40 /* DataCell.swift */ = {isa = PBXFileReference; lastKnownFileType = sourcecode.swift; path = DataCell.swift; sourceTree = "<group>"; };
		DEEC5103227BF90C00DB8288 /* CoinbaseClient.swift */ = {isa = PBXFileReference; lastKnownFileType = sourcecode.swift; path = CoinbaseClient.swift; sourceTree = "<group>"; };
		DEEC5105227C0A2600DB8288 /* apikey.txt */ = {isa = PBXFileReference; fileEncoding = 4; lastKnownFileType = text; path = apikey.txt; sourceTree = "<group>"; };
		FA95F64BA5DEA7AC319EE97A /* Pods_semesterProjectGroup23.framework */ = {isa = PBXFileReference; explicitFileType = wrapper.framework; includeInIndex = 0; path = Pods_semesterProjectGroup23.framework; sourceTree = BUILT_PRODUCTS_DIR; };
		FAA42B257280EF4052C8926C /* Pods-semesterProjectGroup23.debug.xcconfig */ = {isa = PBXFileReference; includeInIndex = 1; lastKnownFileType = text.xcconfig; name = "Pods-semesterProjectGroup23.debug.xcconfig"; path = "Target Support Files/Pods-semesterProjectGroup23/Pods-semesterProjectGroup23.debug.xcconfig"; sourceTree = "<group>"; };
/* End PBXFileReference section */

/* Begin PBXFrameworksBuildPhase section */
		745E52CF226BE515005C0E09 /* Frameworks */ = {
			isa = PBXFrameworksBuildPhase;
			buildActionMask = 2147483647;
			files = (
				555CD5CDB907D45C20FF26EB /* Pods_semesterProjectGroup23.framework in Frameworks */,
			);
			runOnlyForDeploymentPostprocessing = 0;
		};
/* End PBXFrameworksBuildPhase section */

/* Begin PBXGroup section */
		23D91DACC8502C87D9C2D28B /* Frameworks */ = {
			isa = PBXGroup;
			children = (
				FA95F64BA5DEA7AC319EE97A /* Pods_semesterProjectGroup23.framework */,
			);
			name = Frameworks;
			sourceTree = "<group>";
		};
		462FC8FDA0B6D7005609EAD2 /* Pods */ = {
			isa = PBXGroup;
			children = (
				FAA42B257280EF4052C8926C /* Pods-semesterProjectGroup23.debug.xcconfig */,
				2475332B3EC96E286825DACD /* Pods-semesterProjectGroup23.release.xcconfig */,
			);
			path = Pods;
			sourceTree = "<group>";
		};
		745E52C9226BE515005C0E09 = {
			isa = PBXGroup;
			children = (
				745E52D4226BE515005C0E09 /* semesterProjectGroup23 */,
				745E52D3226BE515005C0E09 /* Products */,
				462FC8FDA0B6D7005609EAD2 /* Pods */,
				23D91DACC8502C87D9C2D28B /* Frameworks */,
			);
			sourceTree = "<group>";
		};
		745E52D3226BE515005C0E09 /* Products */ = {
			isa = PBXGroup;
			children = (
				745E52D2226BE515005C0E09 /* semesterProjectGroup23.app */,
			);
			name = Products;
			sourceTree = "<group>";
		};
		745E52D4226BE515005C0E09 /* semesterProjectGroup23 */ = {
			isa = PBXGroup;
			children = (
				DEEC5105227C0A2600DB8288 /* apikey.txt */,
				745E52D5226BE515005C0E09 /* AppDelegate.swift */,
				745E52D7226BE515005C0E09 /* ViewController.swift */,
				74B90B892270C8F60058742B /* SearchController.swift */,
				C6FA9D28228393D10096BB40 /* DataCell.swift */,
				74B90B8B2270C93B0058742B /* StockController.swift */,
				74B90B8D2270CC890058742B /* GraphView.swift */,
				745E52D9226BE515005C0E09 /* Main.storyboard */,
				745E52DC226BE51A005C0E09 /* Assets.xcassets */,
				745E52DE226BE51A005C0E09 /* LaunchScreen.storyboard */,
				745E52E1226BE51A005C0E09 /* Info.plist */,
				DEEC5103227BF90C00DB8288 /* CoinbaseClient.swift */,
			);
			path = semesterProjectGroup23;
			sourceTree = "<group>";
		};
/* End PBXGroup section */

/* Begin PBXNativeTarget section */
		745E52D1226BE515005C0E09 /* semesterProjectGroup23 */ = {
			isa = PBXNativeTarget;
			buildConfigurationList = 745E52E4226BE51A005C0E09 /* Build configuration list for PBXNativeTarget "semesterProjectGroup23" */;
			buildPhases = (
				A697FFB228E3488B9DA2C028 /* [CP] Check Pods Manifest.lock */,
				745E52CE226BE515005C0E09 /* Sources */,
				745E52CF226BE515005C0E09 /* Frameworks */,
				745E52D0226BE515005C0E09 /* Resources */,
				800B0DBD510301B603CFEA4F /* [CP] Embed Pods Frameworks */,
			);
			buildRules = (
			);
			dependencies = (
			);
			name = semesterProjectGroup23;
			productName = semesterProjectGroup23;
			productReference = 745E52D2226BE515005C0E09 /* semesterProjectGroup23.app */;
			productType = "com.apple.product-type.application";
		};
/* End PBXNativeTarget section */

/* Begin PBXProject section */
		745E52CA226BE515005C0E09 /* Project object */ = {
			isa = PBXProject;
			attributes = {
				LastSwiftUpdateCheck = 1010;
				LastUpgradeCheck = 1010;
				ORGANIZATIONNAME = "Oliver Bentham";
				TargetAttributes = {
					745E52D1226BE515005C0E09 = {
						CreatedOnToolsVersion = 10.1;
					};
				};
			};
			buildConfigurationList = 745E52CD226BE515005C0E09 /* Build configuration list for PBXProject "semesterProjectGroup23" */;
			compatibilityVersion = "Xcode 9.3";
			developmentRegion = en;
			hasScannedForEncodings = 0;
			knownRegions = (
				en,
				Base,
			);
			mainGroup = 745E52C9226BE515005C0E09;
			productRefGroup = 745E52D3226BE515005C0E09 /* Products */;
			projectDirPath = "";
			projectRoot = "";
			targets = (
				745E52D1226BE515005C0E09 /* semesterProjectGroup23 */,
			);
		};
/* End PBXProject section */

/* Begin PBXResourcesBuildPhase section */
		745E52D0226BE515005C0E09 /* Resources */ = {
			isa = PBXResourcesBuildPhase;
			buildActionMask = 2147483647;
			files = (
				745E52E0226BE51A005C0E09 /* LaunchScreen.storyboard in Resources */,
				745E52DD226BE51A005C0E09 /* Assets.xcassets in Resources */,
				745E52DB226BE515005C0E09 /* Main.storyboard in Resources */,
				DEEC5106227C0A2600DB8288 /* apikey.txt in Resources */,
			);
			runOnlyForDeploymentPostprocessing = 0;
		};
/* End PBXResourcesBuildPhase section */

/* Begin PBXShellScriptBuildPhase section */
		800B0DBD510301B603CFEA4F /* [CP] Embed Pods Frameworks */ = {
			isa = PBXShellScriptBuildPhase;
			buildActionMask = 2147483647;
			files = (
			);
			inputFileListPaths = (
			);
			inputPaths = (
				"${PODS_ROOT}/Target Support Files/Pods-semesterProjectGroup23/Pods-semesterProjectGroup23-frameworks.sh",
				"${BUILT_PRODUCTS_DIR}/Starscream/Starscream.framework",
			);
			name = "[CP] Embed Pods Frameworks";
			outputFileListPaths = (
			);
			outputPaths = (
				"${TARGET_BUILD_DIR}/${FRAMEWORKS_FOLDER_PATH}/Starscream.framework",
			);
			runOnlyForDeploymentPostprocessing = 0;
			shellPath = /bin/sh;
			shellScript = "\"${PODS_ROOT}/Target Support Files/Pods-semesterProjectGroup23/Pods-semesterProjectGroup23-frameworks.sh\"\n";
			showEnvVarsInLog = 0;
		};
		A697FFB228E3488B9DA2C028 /* [CP] Check Pods Manifest.lock */ = {
			isa = PBXShellScriptBuildPhase;
			buildActionMask = 2147483647;
			files = (
			);
			inputFileListPaths = (
			);
			inputPaths = (
				"${PODS_PODFILE_DIR_PATH}/Podfile.lock",
				"${PODS_ROOT}/Manifest.lock",
			);
			name = "[CP] Check Pods Manifest.lock";
			outputFileListPaths = (
			);
			outputPaths = (
				"$(DERIVED_FILE_DIR)/Pods-semesterProjectGroup23-checkManifestLockResult.txt",
			);
			runOnlyForDeploymentPostprocessing = 0;
			shellPath = /bin/sh;
			shellScript = "diff \"${PODS_PODFILE_DIR_PATH}/Podfile.lock\" \"${PODS_ROOT}/Manifest.lock\" > /dev/null\nif [ $? != 0 ] ; then\n    # print error to STDERR\n    echo \"error: The sandbox is not in sync with the Podfile.lock. Run 'pod install' or update your CocoaPods installation.\" >&2\n    exit 1\nfi\n# This output is used by Xcode 'outputs' to avoid re-running this script phase.\necho \"SUCCESS\" > \"${SCRIPT_OUTPUT_FILE_0}\"\n";
			showEnvVarsInLog = 0;
		};
/* End PBXShellScriptBuildPhase section */

/* Begin PBXSourcesBuildPhase section */
		745E52CE226BE515005C0E09 /* Sources */ = {
			isa = PBXSourcesBuildPhase;
			buildActionMask = 2147483647;
			files = (
				74B90B8E2270CC890058742B /* GraphView.swift in Sources */,
				745E52D8226BE515005C0E09 /* ViewController.swift in Sources */,
				74B90B8A2270C8F60058742B /* SearchController.swift in Sources */,
				C6FA9D29228393D10096BB40 /* DataCell.swift in Sources */,
				74B90B8C2270C93B0058742B /* StockController.swift in Sources */,
				DEEC5104227BF90C00DB8288 /* CoinbaseClient.swift in Sources */,
				745E52D6226BE515005C0E09 /* AppDelegate.swift in Sources */,
			);
			runOnlyForDeploymentPostprocessing = 0;
		};
/* End PBXSourcesBuildPhase section */

/* Begin PBXVariantGroup section */
		745E52D9226BE515005C0E09 /* Main.storyboard */ = {
			isa = PBXVariantGroup;
			children = (
				745E52DA226BE515005C0E09 /* Base */,
				C66F44D1228894F300235E96 /* en */,
			);
			name = Main.storyboard;
			sourceTree = "<group>";
		};
		745E52DE226BE51A005C0E09 /* LaunchScreen.storyboard */ = {
			isa = PBXVariantGroup;
			children = (
				745E52DF226BE51A005C0E09 /* Base */,
			);
			name = LaunchScreen.storyboard;
			sourceTree = "<group>";
		};
/* End PBXVariantGroup section */

/* Begin XCBuildConfiguration section */
		745E52E2226BE51A005C0E09 /* Debug */ = {
			isa = XCBuildConfiguration;
			buildSettings = {
				ALWAYS_SEARCH_USER_PATHS = NO;
				CLANG_ANALYZER_NONNULL = YES;
				CLANG_ANALYZER_NUMBER_OBJECT_CONVERSION = YES_AGGRESSIVE;
				CLANG_CXX_LANGUAGE_STANDARD = "gnu++14";
				CLANG_CXX_LIBRARY = "libc++";
				CLANG_ENABLE_MODULES = YES;
				CLANG_ENABLE_OBJC_ARC = YES;
				CLANG_ENABLE_OBJC_WEAK = YES;
				CLANG_WARN_BLOCK_CAPTURE_AUTORELEASING = YES;
				CLANG_WARN_BOOL_CONVERSION = YES;
				CLANG_WARN_COMMA = YES;
				CLANG_WARN_CONSTANT_CONVERSION = YES;
				CLANG_WARN_DEPRECATED_OBJC_IMPLEMENTATIONS = YES;
				CLANG_WARN_DIRECT_OBJC_ISA_USAGE = YES_ERROR;
				CLANG_WARN_DOCUMENTATION_COMMENTS = YES;
				CLANG_WARN_EMPTY_BODY = YES;
				CLANG_WARN_ENUM_CONVERSION = YES;
				CLANG_WARN_INFINITE_RECURSION = YES;
				CLANG_WARN_INT_CONVERSION = YES;
				CLANG_WARN_NON_LITERAL_NULL_CONVERSION = YES;
				CLANG_WARN_OBJC_IMPLICIT_RETAIN_SELF = YES;
				CLANG_WARN_OBJC_LITERAL_CONVERSION = YES;
				CLANG_WARN_OBJC_ROOT_CLASS = YES_ERROR;
				CLANG_WARN_RANGE_LOOP_ANALYSIS = YES;
				CLANG_WARN_STRICT_PROTOTYPES = YES;
				CLANG_WARN_SUSPICIOUS_MOVE = YES;
				CLANG_WARN_UNGUARDED_AVAILABILITY = YES_AGGRESSIVE;
				CLANG_WARN_UNREACHABLE_CODE = YES;
				CLANG_WARN__DUPLICATE_METHOD_MATCH = YES;
				CODE_SIGN_IDENTITY = "iPhone Developer";
				COPY_PHASE_STRIP = NO;
				DEBUG_INFORMATION_FORMAT = dwarf;
				ENABLE_STRICT_OBJC_MSGSEND = YES;
				ENABLE_TESTABILITY = YES;
				GCC_C_LANGUAGE_STANDARD = gnu11;
				GCC_DYNAMIC_NO_PIC = NO;
				GCC_NO_COMMON_BLOCKS = YES;
				GCC_OPTIMIZATION_LEVEL = 0;
				GCC_PREPROCESSOR_DEFINITIONS = (
					"DEBUG=1",
					"$(inherited)",
				);
				GCC_WARN_64_TO_32_BIT_CONVERSION = YES;
				GCC_WARN_ABOUT_RETURN_TYPE = YES_ERROR;
				GCC_WARN_UNDECLARED_SELECTOR = YES;
				GCC_WARN_UNINITIALIZED_AUTOS = YES_AGGRESSIVE;
				GCC_WARN_UNUSED_FUNCTION = YES;
				GCC_WARN_UNUSED_VARIABLE = YES;
				IPHONEOS_DEPLOYMENT_TARGET = 12.1;
				MTL_ENABLE_DEBUG_INFO = INCLUDE_SOURCE;
				MTL_FAST_MATH = YES;
				ONLY_ACTIVE_ARCH = YES;
				SDKROOT = iphoneos;
				SWIFT_ACTIVE_COMPILATION_CONDITIONS = DEBUG;
				SWIFT_OPTIMIZATION_LEVEL = "-Onone";
			};
			name = Debug;
		};
		745E52E3226BE51A005C0E09 /* Release */ = {
			isa = XCBuildConfiguration;
			buildSettings = {
				ALWAYS_SEARCH_USER_PATHS = NO;
				CLANG_ANALYZER_NONNULL = YES;
				CLANG_ANALYZER_NUMBER_OBJECT_CONVERSION = YES_AGGRESSIVE;
				CLANG_CXX_LANGUAGE_STANDARD = "gnu++14";
				CLANG_CXX_LIBRARY = "libc++";
				CLANG_ENABLE_MODULES = YES;
				CLANG_ENABLE_OBJC_ARC = YES;
				CLANG_ENABLE_OBJC_WEAK = YES;
				CLANG_WARN_BLOCK_CAPTURE_AUTORELEASING = YES;
				CLANG_WARN_BOOL_CONVERSION = YES;
				CLANG_WARN_COMMA = YES;
				CLANG_WARN_CONSTANT_CONVERSION = YES;
				CLANG_WARN_DEPRECATED_OBJC_IMPLEMENTATIONS = YES;
				CLANG_WARN_DIRECT_OBJC_ISA_USAGE = YES_ERROR;
				CLANG_WARN_DOCUMENTATION_COMMENTS = YES;
				CLANG_WARN_EMPTY_BODY = YES;
				CLANG_WARN_ENUM_CONVERSION = YES;
				CLANG_WARN_INFINITE_RECURSION = YES;
				CLANG_WARN_INT_CONVERSION = YES;
				CLANG_WARN_NON_LITERAL_NULL_CONVERSION = YES;
				CLANG_WARN_OBJC_IMPLICIT_RETAIN_SELF = YES;
				CLANG_WARN_OBJC_LITERAL_CONVERSION = YES;
				CLANG_WARN_OBJC_ROOT_CLASS = YES_ERROR;
				CLANG_WARN_RANGE_LOOP_ANALYSIS = YES;
				CLANG_WARN_STRICT_PROTOTYPES = YES;
				CLANG_WARN_SUSPICIOUS_MOVE = YES;
				CLANG_WARN_UNGUARDED_AVAILABILITY = YES_AGGRESSIVE;
				CLANG_WARN_UNREACHABLE_CODE = YES;
				CLANG_WARN__DUPLICATE_METHOD_MATCH = YES;
				CODE_SIGN_IDENTITY = "iPhone Developer";
				COPY_PHASE_STRIP = NO;
				DEBUG_INFORMATION_FORMAT = "dwarf-with-dsym";
				ENABLE_NS_ASSERTIONS = NO;
				ENABLE_STRICT_OBJC_MSGSEND = YES;
				GCC_C_LANGUAGE_STANDARD = gnu11;
				GCC_NO_COMMON_BLOCKS = YES;
				GCC_WARN_64_TO_32_BIT_CONVERSION = YES;
				GCC_WARN_ABOUT_RETURN_TYPE = YES_ERROR;
				GCC_WARN_UNDECLARED_SELECTOR = YES;
				GCC_WARN_UNINITIALIZED_AUTOS = YES_AGGRESSIVE;
				GCC_WARN_UNUSED_FUNCTION = YES;
				GCC_WARN_UNUSED_VARIABLE = YES;
				IPHONEOS_DEPLOYMENT_TARGET = 12.1;
				MTL_ENABLE_DEBUG_INFO = NO;
				MTL_FAST_MATH = YES;
				SDKROOT = iphoneos;
				SWIFT_COMPILATION_MODE = wholemodule;
				SWIFT_OPTIMIZATION_LEVEL = "-O";
				VALIDATE_PRODUCT = YES;
			};
			name = Release;
		};
		745E52E5226BE51A005C0E09 /* Debug */ = {
			isa = XCBuildConfiguration;
			baseConfigurationReference = FAA42B257280EF4052C8926C /* Pods-semesterProjectGroup23.debug.xcconfig */;
			buildSettings = {
				ASSETCATALOG_COMPILER_APPICON_NAME = AppIcon;
				CODE_SIGN_STYLE = Automatic;
				DEVELOPMENT_TEAM = UZYVV5B6KB;
				INFOPLIST_FILE = semesterProjectGroup23/Info.plist;
				LD_RUNPATH_SEARCH_PATHS = (
					"$(inherited)",
					"@executable_path/Frameworks",
				);
				PRODUCT_BUNDLE_IDENTIFIER = edu.umd.yabdi.semesterProjectGroup23;
				PRODUCT_NAME = "$(TARGET_NAME)";
				SWIFT_VERSION = 4.2;
				TARGETED_DEVICE_FAMILY = "1,2";
			};
			name = Debug;
		};
		745E52E6226BE51A005C0E09 /* Release */ = {
			isa = XCBuildConfiguration;
			baseConfigurationReference = 2475332B3EC96E286825DACD /* Pods-semesterProjectGroup23.release.xcconfig */;
			buildSettings = {
				ASSETCATALOG_COMPILER_APPICON_NAME = AppIcon;
				CODE_SIGN_STYLE = Automatic;
				DEVELOPMENT_TEAM = UZYVV5B6KB;
				INFOPLIST_FILE = semesterProjectGroup23/Info.plist;
				LD_RUNPATH_SEARCH_PATHS = (
					"$(inherited)",
					"@executable_path/Frameworks",
				);
				PRODUCT_BUNDLE_IDENTIFIER = edu.umd.yabdi.semesterProjectGroup23;
				PRODUCT_NAME = "$(TARGET_NAME)";
				SWIFT_VERSION = 4.2;
				TARGETED_DEVICE_FAMILY = "1,2";
			};
			name = Release;
		};
/* End XCBuildConfiguration section */

/* Begin XCConfigurationList section */
		745E52CD226BE515005C0E09 /* Build configuration list for PBXProject "semesterProjectGroup23" */ = {
			isa = XCConfigurationList;
			buildConfigurations = (
				745E52E2226BE51A005C0E09 /* Debug */,
				745E52E3226BE51A005C0E09 /* Release */,
			);
			defaultConfigurationIsVisible = 0;
			defaultConfigurationName = Release;
		};
		745E52E4226BE51A005C0E09 /* Build configuration list for PBXNativeTarget "semesterProjectGroup23" */ = {
			isa = XCConfigurationList;
			buildConfigurations = (
				745E52E5226BE51A005C0E09 /* Debug */,
				745E52E6226BE51A005C0E09 /* Release */,
			);
			defaultConfigurationIsVisible = 0;
			defaultConfigurationName = Release;
		};
/* End XCConfigurationList section */
	};
	rootObject = 745E52CA226BE515005C0E09 /* Project object */;
}
